
Microsoft Visual Studio Solution File, Format Version 12.00
# Visual Studio Version 16
VisualStudioVersion = 16.0.30011.22
MinimumVisualStudioVersion = 10.0.40219.1
Project("{FAE04EC0-301F-11D3-BF4B-00C04F79EFBC}") = "20-Metotlar2", "20-Metotlar2\20-Metotlar2.csproj", "{26F63C34-DDFC-4005-B5B6-EDB817FA6CB9}"
EndProject
Global
	GlobalSection(SolutionConfigurationPlatforms) = preSolution
		Debug|Any CPU = Debug|Any CPU
		Release|Any CPU = Release|Any CPU
	EndGlobalSection
	GlobalSection(ProjectConfigurationPlatforms) = postSolution
		{26F63C34-DDFC-4005-B5B6-EDB817FA6CB9}.Debug|Any CPU.ActiveCfg = Debug|Any CPU
		{26F63C34-DDFC-4005-B5B6-EDB817FA6CB9}.Debug|Any CPU.Build.0 = Debug|Any CPU
		{26F63C34-DDFC-4005-B5B6-EDB817FA6CB9}.Release|Any CPU.ActiveCfg = Release|Any CPU
		{26F63C34-DDFC-4005-B5B6-EDB817FA6CB9}.Release|Any CPU.Build.0 = Release|Any CPU
	EndGlobalSection
	GlobalSection(SolutionProperties) = preSolution
		HideSolutionNode = FALSE
	EndGlobalSection
	GlobalSection(ExtensibilityGlobals) = postSolution
		SolutionGuid = {F3E48DE1-6507-4002-9446-995996F90173}
	EndGlobalSection
EndGlobal
